
Microsoft Visual Studio Solution File, Format Version 12.00
# Visual Studio 14
VisualStudioVersion = 14.0.24720.0
MinimumVisualStudioVersion = 10.0.40219.1
Project("{FAE04EC0-301F-11D3-BF4B-00C04F79EFBC}") = "Smartbourg.DataAccessLayer", "Smartbourg.DataAccessLayer\Smartbourg.DataAccessLayer.csproj", "{7B487DD2-35E9-4D36-99D1-C86DBD511777}"
EndProject
Project("{FAE04EC0-301F-11D3-BF4B-00C04F79EFBC}") = "Smartbourg.DataAccessLayer.Test", "Smartbourg.DataAccessLayer.Test\Smartbourg.DataAccessLayer.Test.csproj", "{35B49D1F-9CAA-44C6-9DC5-C08FCCCEFBC8}"
EndProject
Project("{FAE04EC0-301F-11D3-BF4B-00C04F79EFBC}") = "DemoXamarin.Dos", "DemoXamarin.Dos\DemoXamarin.Dos.csproj", "{190160E4-7670-4474-BDA2-5AB93E561090}"
EndProject
Project("{FAE04EC0-301F-11D3-BF4B-00C04F79EFBC}") = "DemoXamarin.Droid", "DemoXamarin.Droid\DemoXamarin.Droid.csproj", "{438AB2A2-C6E9-4D98-BEA2-FC34CA2D0CEA}"
EndProject
Project("{FAE04EC0-301F-11D3-BF4B-00C04F79EFBC}") = "DemoXamarin.Business", "DemoXamarin.Business\DemoXamarin.Business.csproj", "{27B09A01-D7C3-4099-9E81-045E2281C661}"
EndProject
Global
	GlobalSection(SolutionConfigurationPlatforms) = preSolution
		Debug|Any CPU = Debug|Any CPU
		Debug|ARM = Debug|ARM
		Debug|x64 = Debug|x64
		Debug|x86 = Debug|x86
		Release|Any CPU = Release|Any CPU
		Release|ARM = Release|ARM
		Release|x64 = Release|x64
		Release|x86 = Release|x86
	EndGlobalSection
	GlobalSection(ProjectConfigurationPlatforms) = postSolution
		{7B487DD2-35E9-4D36-99D1-C86DBD511777}.Debug|Any CPU.ActiveCfg = Debug|Any CPU
		{7B487DD2-35E9-4D36-99D1-C86DBD511777}.Debug|Any CPU.Build.0 = Debug|Any CPU
		{7B487DD2-35E9-4D36-99D1-C86DBD511777}.Debug|ARM.ActiveCfg = Debug|Any CPU
		{7B487DD2-35E9-4D36-99D1-C86DBD511777}.Debug|ARM.Build.0 = Debug|Any CPU
		{7B487DD2-35E9-4D36-99D1-C86DBD511777}.Debug|x64.ActiveCfg = Debug|Any CPU
		{7B487DD2-35E9-4D36-99D1-C86DBD511777}.Debug|x64.Build.0 = Debug|Any CPU
		{7B487DD2-35E9-4D36-99D1-C86DBD511777}.Debug|x86.ActiveCfg = Debug|Any CPU
		{7B487DD2-35E9-4D36-99D1-C86DBD511777}.Debug|x86.Build.0 = Debug|Any CPU
		{7B487DD2-35E9-4D36-99D1-C86DBD511777}.Release|Any CPU.ActiveCfg = Release|Any CPU
		{7B487DD2-35E9-4D36-99D1-C86DBD511777}.Release|Any CPU.Build.0 = Release|Any CPU
		{7B487DD2-35E9-4D36-99D1-C86DBD511777}.Release|ARM.ActiveCfg = Release|Any CPU
		{7B487DD2-35E9-4D36-99D1-C86DBD511777}.Release|ARM.Build.0 = Release|Any CPU
		{7B487DD2-35E9-4D36-99D1-C86DBD511777}.Release|x64.ActiveCfg = Release|Any CPU
		{7B487DD2-35E9-4D36-99D1-C86DBD511777}.Release|x64.Build.0 = Release|Any CPU
		{7B487DD2-35E9-4D36-99D1-C86DBD511777}.Release|x86.ActiveCfg = Release|Any CPU
		{7B487DD2-35E9-4D36-99D1-C86DBD511777}.Release|x86.Build.0 = Release|Any CPU
		{35B49D1F-9CAA-44C6-9DC5-C08FCCCEFBC8}.Debug|Any CPU.ActiveCfg = Debug|Any CPU
		{35B49D1F-9CAA-44C6-9DC5-C08FCCCEFBC8}.Debug|Any CPU.Build.0 = Debug|Any CPU
		{35B49D1F-9CAA-44C6-9DC5-C08FCCCEFBC8}.Debug|ARM.ActiveCfg = Debug|Any CPU
		{35B49D1F-9CAA-44C6-9DC5-C08FCCCEFBC8}.Debug|ARM.Build.0 = Debug|Any CPU
		{35B49D1F-9CAA-44C6-9DC5-C08FCCCEFBC8}.Debug|x64.ActiveCfg = Debug|Any CPU
		{35B49D1F-9CAA-44C6-9DC5-C08FCCCEFBC8}.Debug|x64.Build.0 = Debug|Any CPU
		{35B49D1F-9CAA-44C6-9DC5-C08FCCCEFBC8}.Debug|x86.ActiveCfg = Debug|Any CPU
		{35B49D1F-9CAA-44C6-9DC5-C08FCCCEFBC8}.Debug|x86.Build.0 = Debug|Any CPU
		{35B49D1F-9CAA-44C6-9DC5-C08FCCCEFBC8}.Release|Any CPU.ActiveCfg = Release|Any CPU
		{35B49D1F-9CAA-44C6-9DC5-C08FCCCEFBC8}.Release|Any CPU.Build.0 = Release|Any CPU
		{35B49D1F-9CAA-44C6-9DC5-C08FCCCEFBC8}.Release|ARM.ActiveCfg = Release|Any CPU
		{35B49D1F-9CAA-44C6-9DC5-C08FCCCEFBC8}.Release|ARM.Build.0 = Release|Any CPU
		{35B49D1F-9CAA-44C6-9DC5-C08FCCCEFBC8}.Release|x64.ActiveCfg = Release|Any CPU
		{35B49D1F-9CAA-44C6-9DC5-C08FCCCEFBC8}.Release|x64.Build.0 = Release|Any CPU
		{35B49D1F-9CAA-44C6-9DC5-C08FCCCEFBC8}.Release|x86.ActiveCfg = Release|Any CPU
		{35B49D1F-9CAA-44C6-9DC5-C08FCCCEFBC8}.Release|x86.Build.0 = Release|Any CPU
		{190160E4-7670-4474-BDA2-5AB93E561090}.Debug|Any CPU.ActiveCfg = Debug|x86
		{190160E4-7670-4474-BDA2-5AB93E561090}.Debug|Any CPU.Build.0 = Debug|x86
		{190160E4-7670-4474-BDA2-5AB93E561090}.Debug|Any CPU.Deploy.0 = Debug|x86
		{190160E4-7670-4474-BDA2-5AB93E561090}.Debug|ARM.ActiveCfg = Debug|ARM
		{190160E4-7670-4474-BDA2-5AB93E561090}.Debug|ARM.Build.0 = Debug|ARM
		{190160E4-7670-4474-BDA2-5AB93E561090}.Debug|ARM.Deploy.0 = Debug|ARM
		{190160E4-7670-4474-BDA2-5AB93E561090}.Debug|x64.ActiveCfg = Debug|x64
		{190160E4-7670-4474-BDA2-5AB93E561090}.Debug|x64.Build.0 = Debug|x64
		{190160E4-7670-4474-BDA2-5AB93E561090}.Debug|x64.Deploy.0 = Debug|x64
		{190160E4-7670-4474-BDA2-5AB93E561090}.Debug|x86.ActiveCfg = Debug|x86
		{190160E4-7670-4474-BDA2-5AB93E561090}.Debug|x86.Build.0 = Debug|x86
		{190160E4-7670-4474-BDA2-5AB93E561090}.Debug|x86.Deploy.0 = Debug|x86
		{190160E4-7670-4474-BDA2-5AB93E561090}.Release|Any CPU.ActiveCfg = Release|x86
		{190160E4-7670-4474-BDA2-5AB93E561090}.Release|ARM.ActiveCfg = Release|ARM
		{190160E4-7670-4474-BDA2-5AB93E561090}.Release|ARM.Build.0 = Release|ARM
		{190160E4-7670-4474-BDA2-5AB93E561090}.Release|ARM.Deploy.0 = Release|ARM
		{190160E4-7670-4474-BDA2-5AB93E561090}.Release|x64.ActiveCfg = Release|x64
		{190160E4-7670-4474-BDA2-5AB93E561090}.Release|x64.Build.0 = Release|x64
		{190160E4-7670-4474-BDA2-5AB93E561090}.Release|x64.Deploy.0 = Release|x64
		{190160E4-7670-4474-BDA2-5AB93E561090}.Release|x86.ActiveCfg = Release|x86
		{190160E4-7670-4474-BDA2-5AB93E561090}.Release|x86.Build.0 = Release|x86
		{190160E4-7670-4474-BDA2-5AB93E561090}.Release|x86.Deploy.0 = Release|x86
		{438AB2A2-C6E9-4D98-BEA2-FC34CA2D0CEA}.Debug|Any CPU.ActiveCfg = Debug|Any CPU
		{438AB2A2-C6E9-4D98-BEA2-FC34CA2D0CEA}.Debug|Any CPU.Build.0 = Debug|Any CPU
		{438AB2A2-C6E9-4D98-BEA2-FC34CA2D0CEA}.Debug|Any CPU.Deploy.0 = Debug|Any CPU
		{438AB2A2-C6E9-4D98-BEA2-FC34CA2D0CEA}.Debug|ARM.ActiveCfg = Debug|Any CPU
		{438AB2A2-C6E9-4D98-BEA2-FC34CA2D0CEA}.Debug|ARM.Build.0 = Debug|Any CPU
		{438AB2A2-C6E9-4D98-BEA2-FC34CA2D0CEA}.Debug|ARM.Deploy.0 = Debug|Any CPU
		{438AB2A2-C6E9-4D98-BEA2-FC34CA2D0CEA}.Debug|x64.ActiveCfg = Debug|Any CPU
		{438AB2A2-C6E9-4D98-BEA2-FC34CA2D0CEA}.Debug|x64.Build.0 = Debug|Any CPU
		{438AB2A2-C6E9-4D98-BEA2-FC34CA2D0CEA}.Debug|x64.Deploy.0 = Debug|Any CPU
		{438AB2A2-C6E9-4D98-BEA2-FC34CA2D0CEA}.Debug|x86.ActiveCfg = Debug|Any CPU
		{438AB2A2-C6E9-4D98-BEA2-FC34CA2D0CEA}.Debug|x86.Build.0 = Debug|Any CPU
		{438AB2A2-C6E9-4D98-BEA2-FC34CA2D0CEA}.Debug|x86.Deploy.0 = Debug|Any CPU
		{438AB2A2-C6E9-4D98-BEA2-FC34CA2D0CEA}.Release|Any CPU.ActiveCfg = Release|Any CPU
		{438AB2A2-C6E9-4D98-BEA2-FC34CA2D0CEA}.Release|Any CPU.Build.0 = Release|Any CPU
		{438AB2A2-C6E9-4D98-BEA2-FC34CA2D0CEA}.Release|Any CPU.Deploy.0 = Release|Any CPU
		{438AB2A2-C6E9-4D98-BEA2-FC34CA2D0CEA}.Release|ARM.ActiveCfg = Release|Any CPU
		{438AB2A2-C6E9-4D98-BEA2-FC34CA2D0CEA}.Release|ARM.Build.0 = Release|Any CPU
		{438AB2A2-C6E9-4D98-BEA2-FC34CA2D0CEA}.Release|ARM.Deploy.0 = Release|Any CPU
		{438AB2A2-C6E9-4D98-BEA2-FC34CA2D0CEA}.Release|x64.ActiveCfg = Release|Any CPU
		{438AB2A2-C6E9-4D98-BEA2-FC34CA2D0CEA}.Release|x64.Build.0 = Release|Any CPU
		{438AB2A2-C6E9-4D98-BEA2-FC34CA2D0CEA}.Release|x64.Deploy.0 = Release|Any CPU
		{438AB2A2-C6E9-4D98-BEA2-FC34CA2D0CEA}.Release|x86.ActiveCfg = Release|Any CPU
		{438AB2A2-C6E9-4D98-BEA2-FC34CA2D0CEA}.Release|x86.Build.0 = Release|Any CPU
		{438AB2A2-C6E9-4D98-BEA2-FC34CA2D0CEA}.Release|x86.Deploy.0 = Release|Any CPU
		{27B09A01-D7C3-4099-9E81-045E2281C661}.Debug|Any CPU.ActiveCfg = Debug|Any CPU
		{27B09A01-D7C3-4099-9E81-045E2281C661}.Debug|Any CPU.Build.0 = Debug|Any CPU
		{27B09A01-D7C3-4099-9E81-045E2281C661}.Debug|ARM.ActiveCfg = Debug|Any CPU
		{27B09A01-D7C3-4099-9E81-045E2281C661}.Debug|ARM.Build.0 = Debug|Any CPU
		{27B09A01-D7C3-4099-9E81-045E2281C661}.Debug|x64.ActiveCfg = Debug|Any CPU
		{27B09A01-D7C3-4099-9E81-045E2281C661}.Debug|x64.Build.0 = Debug|Any CPU
		{27B09A01-D7C3-4099-9E81-045E2281C661}.Debug|x86.ActiveCfg = Debug|Any CPU
		{27B09A01-D7C3-4099-9E81-045E2281C661}.Debug|x86.Build.0 = Debug|Any CPU
		{27B09A01-D7C3-4099-9E81-045E2281C661}.Release|Any CPU.ActiveCfg = Release|Any CPU
		{27B09A01-D7C3-4099-9E81-045E2281C661}.Release|Any CPU.Build.0 = Release|Any CPU
		{27B09A01-D7C3-4099-9E81-045E2281C661}.Release|ARM.ActiveCfg = Release|Any CPU
		{27B09A01-D7C3-4099-9E81-045E2281C661}.Release|ARM.Build.0 = Release|Any CPU
		{27B09A01-D7C3-4099-9E81-045E2281C661}.Release|x64.ActiveCfg = Release|Any CPU
		{27B09A01-D7C3-4099-9E81-045E2281C661}.Release|x64.Build.0 = Release|Any CPU
		{27B09A01-D7C3-4099-9E81-045E2281C661}.Release|x86.ActiveCfg = Release|Any CPU
		{27B09A01-D7C3-4099-9E81-045E2281C661}.Release|x86.Build.0 = Release|Any CPU
	EndGlobalSection
	GlobalSection(SolutionProperties) = preSolution
		HideSolutionNode = FALSE
	EndGlobalSection
EndGlobal
